[root]
name = "ign-transport"
version = "0.1.0"
dependencies = [
 "libc 0.2.15 (registry+https://github.com/rust-lang/crates.io-index)",
 "protobuf 1.0.24 (registry+https://github.com/rust-lang/crates.io-index)",
]

[[package]]
name = "libc"
version = "0.2.15"
source = "registry+https://github.com/rust-lang/crates.io-index"

[[package]]
name = "protobuf"
version = "1.0.24"
source = "registry+https://github.com/rust-lang/crates.io-index"

[metadata]
"checksum libc 0.2.15 (registry+https://github.com/rust-lang/crates.io-index)" = "23e3757828fa702a20072c37ff47938e9dd331b92fac6e223d26d4b7a55f7ee2"
"checksum protobuf 1.0.24 (registry+https://github.com/rust-lang/crates.io-index)" = "6ec4c2fe04370298218a09ab53a534febf54c160c5554e4de987b6d73c916d5d"
